// !$*UTF8*$!
{
	archiveVersion = 1;
	classes = {
	};
	objectVersion = 50;
	objects = {

/* Begin PBXBuildFile section */
		45383AFB254767E100BC34E5 /* EmojiThemeEditor.swift in Sources */ = {isa = PBXBuildFile; fileRef = 45383AFA254767E100BC34E5 /* EmojiThemeEditor.swift */; };
		45B0E8562546121C004ED0EC /* EditableText.swift in Sources */ = {isa = PBXBuildFile; fileRef = 45B0E8552546121C004ED0EC /* EditableText.swift */; };
		45B0E85C25461496004ED0EC /* ThemeColor.swift in Sources */ = {isa = PBXBuildFile; fileRef = 45B0E85B25461496004ED0EC /* ThemeColor.swift */; };
		CA20F65C253E29F9002755F9 /* MemorizeApp.swift in Sources */ = {isa = PBXBuildFile; fileRef = CA20F65B253E29F9002755F9 /* MemorizeApp.swift */; };
		CA2FCADB24B50BF7002B0403 /* EmojiGameView.swift in Sources */ = {isa = PBXBuildFile; fileRef = CA2FCADA24B50BF7002B0403 /* EmojiGameView.swift */; };
		CA2FCADD24B50BF8002B0403 /* Assets.xcassets in Resources */ = {isa = PBXBuildFile; fileRef = CA2FCADC24B50BF8002B0403 /* Assets.xcassets */; };
		CA2FCAE024B50BF8002B0403 /* Preview Assets.xcassets in Resources */ = {isa = PBXBuildFile; fileRef = CA2FCADF24B50BF8002B0403 /* Preview Assets.xcassets */; };
		CA2FCAE324B50BF8002B0403 /* LaunchScreen.storyboard in Resources */ = {isa = PBXBuildFile; fileRef = CA2FCAE124B50BF8002B0403 /* LaunchScreen.storyboard */; };
		CA2FCAEB24B50C4C002B0403 /* GameModel.swift in Sources */ = {isa = PBXBuildFile; fileRef = CA2FCAEA24B50C4C002B0403 /* GameModel.swift */; };
		CA2FCAED24B50CA3002B0403 /* EmojiGame.swift in Sources */ = {isa = PBXBuildFile; fileRef = CA2FCAEC24B50CA3002B0403 /* EmojiGame.swift */; };
		CA414D87253E382A00B54171 /* Data+utf8.swift in Sources */ = {isa = PBXBuildFile; fileRef = CA414D86253E382A00B54171 /* Data+utf8.swift */; };
		CA468E2924D203DF00CCC289 /* Array+Only.swift in Sources */ = {isa = PBXBuildFile; fileRef = CA468E2824D203DF00CCC289 /* Array+Only.swift */; };
		CA5D650A24D4A0DF001D33FE /* EmojiTheme.swift in Sources */ = {isa = PBXBuildFile; fileRef = CA5D650924D4A0DF001D33FE /* EmojiTheme.swift */; };
		CA650A0524C0EFE3002FFBF7 /* Array+Identifiable.swift in Sources */ = {isa = PBXBuildFile; fileRef = CA650A0424C0EFE3002FFBF7 /* Array+Identifiable.swift */; };
		CAD2EBE924BFAACF002A1747 /* Grid.swift in Sources */ = {isa = PBXBuildFile; fileRef = CAD2EBE824BFAACF002A1747 /* Grid.swift */; };
		CAD2EBEB24BFADFE002A1747 /* GridLayout.swift in Sources */ = {isa = PBXBuildFile; fileRef = CAD2EBEA24BFADFE002A1747 /* GridLayout.swift */; };
		CAD5036E254497C900E56B6E /* EmojiThemeChooser.swift in Sources */ = {isa = PBXBuildFile; fileRef = CAD5036D254497C900E56B6E /* EmojiThemeChooser.swift */; };
		CAD503732544A11E00E56B6E /* EmojiThemeStore.swift in Sources */ = {isa = PBXBuildFile; fileRef = CAD503722544A11E00E56B6E /* EmojiThemeStore.swift */; };
		CAD5B76524D5C6B1007B0224 /* Optional+IsDefined.swift in Sources */ = {isa = PBXBuildFile; fileRef = CAD5B76424D5C6B1007B0224 /* Optional+IsDefined.swift */; };
		CAFD5E1F24D9F6D60092A5A7 /* Pie.swift in Sources */ = {isa = PBXBuildFile; fileRef = CAFD5E1E24D9F6D60092A5A7 /* Pie.swift */; };
		CAFD5E2124D9FCAD0092A5A7 /* View+Cardify.swift in Sources */ = {isa = PBXBuildFile; fileRef = CAFD5E2024D9FCAD0092A5A7 /* View+Cardify.swift */; };
		CAFD5E2724D9FD5E0092A5A7 /* Cardify.swift in Sources */ = {isa = PBXBuildFile; fileRef = CAFD5E2624D9FD5E0092A5A7 /* Cardify.swift */; };
/* End PBXBuildFile section */

/* Begin PBXFileReference section */
		45383AFA254767E100BC34E5 /* EmojiThemeEditor.swift */ = {isa = PBXFileReference; lastKnownFileType = sourcecode.swift; path = EmojiThemeEditor.swift; sourceTree = "<group>"; };
		45B0E8552546121C004ED0EC /* EditableText.swift */ = {isa = PBXFileReference; lastKnownFileType = sourcecode.swift; path = EditableText.swift; sourceTree = "<group>"; };
		45B0E85B25461496004ED0EC /* ThemeColor.swift */ = {isa = PBXFileReference; lastKnownFileType = sourcecode.swift; path = ThemeColor.swift; sourceTree = "<group>"; };
		CA20F65B253E29F9002755F9 /* MemorizeApp.swift */ = {isa = PBXFileReference; lastKnownFileType = sourcecode.swift; path = MemorizeApp.swift; sourceTree = "<group>"; };
		CA2FCAD324B50BF7002B0403 /* Memorize.app */ = {isa = PBXFileReference; explicitFileType = wrapper.application; includeInIndex = 0; path = Memorize.app; sourceTree = BUILT_PRODUCTS_DIR; };
		CA2FCADA24B50BF7002B0403 /* EmojiGameView.swift */ = {isa = PBXFileReference; lastKnownFileType = sourcecode.swift; path = EmojiGameView.swift; sourceTree = "<group>"; };
		CA2FCADC24B50BF8002B0403 /* Assets.xcassets */ = {isa = PBXFileReference; lastKnownFileType = folder.assetcatalog; path = Assets.xcassets; sourceTree = "<group>"; };
		CA2FCADF24B50BF8002B0403 /* Preview Assets.xcassets */ = {isa = PBXFileReference; lastKnownFileType = folder.assetcatalog; path = "Preview Assets.xcassets"; sourceTree = "<group>"; };
		CA2FCAE224B50BF8002B0403 /* Base */ = {isa = PBXFileReference; lastKnownFileType = file.storyboard; name = Base; path = Base.lproj/LaunchScreen.storyboard; sourceTree = "<group>"; };
		CA2FCAE424B50BF8002B0403 /* Info.plist */ = {isa = PBXFileReference; lastKnownFileType = text.plist.xml; path = Info.plist; sourceTree = "<group>"; };
		CA2FCAEA24B50C4C002B0403 /* GameModel.swift */ = {isa = PBXFileReference; lastKnownFileType = sourcecode.swift; path = GameModel.swift; sourceTree = "<group>"; };
		CA2FCAEC24B50CA3002B0403 /* EmojiGame.swift */ = {isa = PBXFileReference; lastKnownFileType = sourcecode.swift; path = EmojiGame.swift; sourceTree = "<group>"; };
		CA414D86253E382A00B54171 /* Data+utf8.swift */ = {isa = PBXFileReference; lastKnownFileType = sourcecode.swift; path = "Data+utf8.swift"; sourceTree = "<group>"; };
		CA468E2824D203DF00CCC289 /* Array+Only.swift */ = {isa = PBXFileReference; lastKnownFileType = sourcecode.swift; path = "Array+Only.swift"; sourceTree = "<group>"; };
		CA5D650924D4A0DF001D33FE /* EmojiTheme.swift */ = {isa = PBXFileReference; lastKnownFileType = sourcecode.swift; path = EmojiTheme.swift; sourceTree = "<group>"; };
		CA650A0424C0EFE3002FFBF7 /* Array+Identifiable.swift */ = {isa = PBXFileReference; lastKnownFileType = sourcecode.swift; path = "Array+Identifiable.swift"; sourceTree = "<group>"; };
		CAD2EBE824BFAACF002A1747 /* Grid.swift */ = {isa = PBXFileReference; lastKnownFileType = sourcecode.swift; path = Grid.swift; sourceTree = "<group>"; };
		CAD2EBEA24BFADFE002A1747 /* GridLayout.swift */ = {isa = PBXFileReference; fileEncoding = 4; lastKnownFileType = sourcecode.swift; path = GridLayout.swift; sourceTree = "<group>"; };
		CAD5036D254497C900E56B6E /* EmojiThemeChooser.swift */ = {isa = PBXFileReference; lastKnownFileType = sourcecode.swift; path = EmojiThemeChooser.swift; sourceTree = "<group>"; };
		CAD503722544A11E00E56B6E /* EmojiThemeStore.swift */ = {isa = PBXFileReference; lastKnownFileType = sourcecode.swift; path = EmojiThemeStore.swift; sourceTree = "<group>"; };
		CAD5B76424D5C6B1007B0224 /* Optional+IsDefined.swift */ = {isa = PBXFileReference; lastKnownFileType = sourcecode.swift; path = "Optional+IsDefined.swift"; sourceTree = "<group>"; };
		CAFD5E1E24D9F6D60092A5A7 /* Pie.swift */ = {isa = PBXFileReference; lastKnownFileType = sourcecode.swift; path = Pie.swift; sourceTree = "<group>"; };
		CAFD5E2024D9FCAD0092A5A7 /* View+Cardify.swift */ = {isa = PBXFileReference; lastKnownFileType = sourcecode.swift; path = "View+Cardify.swift"; sourceTree = "<group>"; };
		CAFD5E2624D9FD5E0092A5A7 /* Cardify.swift */ = {isa = PBXFileReference; lastKnownFileType = sourcecode.swift; path = Cardify.swift; sourceTree = "<group>"; };
/* End PBXFileReference section */

/* Begin PBXFrameworksBuildPhase section */
		CA2FCAD024B50BF7002B0403 /* Frameworks */ = {
			isa = PBXFrameworksBuildPhase;
			buildActionMask = 2147483647;
			files = (
			);
			runOnlyForDeploymentPostprocessing = 0;
		};
/* End PBXFrameworksBuildPhase section */

/* Begin PBXGroup section */
		45B0E8582546143A004ED0EC /* Themes */ = {
			isa = PBXGroup;
			children = (
				CA5D650924D4A0DF001D33FE /* EmojiTheme.swift */,
				CAD503722544A11E00E56B6E /* EmojiThemeStore.swift */,
				45B0E85B25461496004ED0EC /* ThemeColor.swift */,
			);
			path = Themes;
			sourceTree = "<group>";
		};
		45B0E85925461450004ED0EC /* Games */ = {
			isa = PBXGroup;
			children = (
				CA2FCAEC24B50CA3002B0403 /* EmojiGame.swift */,
			);
			path = Games;
			sourceTree = "<group>";
		};
		45BAE345254F57670086395E /* Theme Views */ = {
			isa = PBXGroup;
			children = (
				CAD5036D254497C900E56B6E /* EmojiThemeChooser.swift */,
				45383AFA254767E100BC34E5 /* EmojiThemeEditor.swift */,
			);
			path = "Theme Views";
			sourceTree = "<group>";
		};
		CA20F655253E291F002755F9 /* Extensions */ = {
			isa = PBXGroup;
			children = (
				CAD5B76424D5C6B1007B0224 /* Optional+IsDefined.swift */,
				CA650A0424C0EFE3002FFBF7 /* Array+Identifiable.swift */,
				CA468E2824D203DF00CCC289 /* Array+Only.swift */,
				CAFD5E2024D9FCAD0092A5A7 /* View+Cardify.swift */,
				CA414D86253E382A00B54171 /* Data+utf8.swift */,
			);
			path = Extensions;
			sourceTree = "<group>";
		};
		CA20F656253E293C002755F9 /* Views */ = {
			isa = PBXGroup;
			children = (
				45BAE345254F57670086395E /* Theme Views */,
				CAFD5E2624D9FD5E0092A5A7 /* Cardify.swift */,
				45B0E8552546121C004ED0EC /* EditableText.swift */,
				CA2FCADA24B50BF7002B0403 /* EmojiGameView.swift */,
				CAD2EBE824BFAACF002A1747 /* Grid.swift */,
				CAD2EBEA24BFADFE002A1747 /* GridLayout.swift */,
				CAFD5E1E24D9F6D60092A5A7 /* Pie.swift */,
			);
			path = Views;
			sourceTree = "<group>";
		};
		CA20F65A253E29A6002755F9 /* ViewModels */ = {
			isa = PBXGroup;
			children = (
				45B0E85925461450004ED0EC /* Games */,
				45B0E8582546143A004ED0EC /* Themes */,
			);
			path = ViewModels;
			sourceTree = "<group>";
		};
		CA20F65F253E2A12002755F9 /* Models */ = {
			isa = PBXGroup;
			children = (
				CA2FCAEA24B50C4C002B0403 /* GameModel.swift */,
			);
			path = Models;
			sourceTree = "<group>";
		};
		CA2FCACA24B50BF7002B0403 = {
			isa = PBXGroup;
			children = (
				CA2FCAD524B50BF7002B0403 /* Memorize */,
				CA2FCAD424B50BF7002B0403 /* Products */,
			);
			sourceTree = "<group>";
		};
		CA2FCAD424B50BF7002B0403 /* Products */ = {
			isa = PBXGroup;
			children = (
				CA2FCAD324B50BF7002B0403 /* Memorize.app */,
			);
			name = Products;
			sourceTree = "<group>";
		};
		CA2FCAD524B50BF7002B0403 /* Memorize */ = {
			isa = PBXGroup;
			children = (
				CA2FCAE424B50BF8002B0403 /* Info.plist */,
				CA20F65B253E29F9002755F9 /* MemorizeApp.swift */,
				CA2FCADC24B50BF8002B0403 /* Assets.xcassets */,
				CA20F655253E291F002755F9 /* Extensions */,
				CA2FCAE124B50BF8002B0403 /* LaunchScreen.storyboard */,
				CA20F65F253E2A12002755F9 /* Models */,
				CA2FCADE24B50BF8002B0403 /* Preview Content */,
				CA20F65A253E29A6002755F9 /* ViewModels */,
				CA20F656253E293C002755F9 /* Views */,
			);
			path = Memorize;
			sourceTree = "<group>";
		};
		CA2FCADE24B50BF8002B0403 /* Preview Content */ = {
			isa = PBXGroup;
			children = (
				CA2FCADF24B50BF8002B0403 /* Preview Assets.xcassets */,
			);
			path = "Preview Content";
			sourceTree = "<group>";
		};
/* End PBXGroup section */

/* Begin PBXNativeTarget section */
		CA2FCAD224B50BF7002B0403 /* Memorize */ = {
			isa = PBXNativeTarget;
			buildConfigurationList = CA2FCAE724B50BF8002B0403 /* Build configuration list for PBXNativeTarget "Memorize" */;
			buildPhases = (
				CA2FCACF24B50BF7002B0403 /* Sources */,
				CA2FCAD024B50BF7002B0403 /* Frameworks */,
				CA2FCAD124B50BF7002B0403 /* Resources */,
			);
			buildRules = (
			);
			dependencies = (
			);
			name = Memorize;
			productName = Memorize;
			productReference = CA2FCAD324B50BF7002B0403 /* Memorize.app */;
			productType = "com.apple.product-type.application";
		};
/* End PBXNativeTarget section */

/* Begin PBXProject section */
		CA2FCACB24B50BF7002B0403 /* Project object */ = {
			isa = PBXProject;
			attributes = {
				LastSwiftUpdateCheck = 1150;
				LastUpgradeCheck = 1200;
				ORGANIZATIONNAME = theswiftkid_;
				TargetAttributes = {
					CA2FCAD224B50BF7002B0403 = {
						CreatedOnToolsVersion = 11.5;
					};
				};
			};
			buildConfigurationList = CA2FCACE24B50BF7002B0403 /* Build configuration list for PBXProject "Memorize" */;
			compatibilityVersion = "Xcode 9.3";
			developmentRegion = en;
			hasScannedForEncodings = 0;
			knownRegions = (
				en,
				Base,
			);
			mainGroup = CA2FCACA24B50BF7002B0403;
			productRefGroup = CA2FCAD424B50BF7002B0403 /* Products */;
			projectDirPath = "";
			projectRoot = "";
			targets = (
				CA2FCAD224B50BF7002B0403 /* Memorize */,
			);
		};
/* End PBXProject section */

/* Begin PBXResourcesBuildPhase section */
		CA2FCAD124B50BF7002B0403 /* Resources */ = {
			isa = PBXResourcesBuildPhase;
			buildActionMask = 2147483647;
			files = (
				CA2FCAE324B50BF8002B0403 /* LaunchScreen.storyboard in Resources */,
				CA2FCAE024B50BF8002B0403 /* Preview Assets.xcassets in Resources */,
				CA2FCADD24B50BF8002B0403 /* Assets.xcassets in Resources */,
			);
			runOnlyForDeploymentPostprocessing = 0;
		};
/* End PBXResourcesBuildPhase section */

/* Begin PBXSourcesBuildPhase section */
		CA2FCACF24B50BF7002B0403 /* Sources */ = {
			isa = PBXSourcesBuildPhase;
			buildActionMask = 2147483647;
			files = (
				CA20F65C253E29F9002755F9 /* MemorizeApp.swift in Sources */,
				CA5D650A24D4A0DF001D33FE /* EmojiTheme.swift in Sources */,
				CA2FCADB24B50BF7002B0403 /* EmojiGameView.swift in Sources */,
				CA468E2924D203DF00CCC289 /* Array+Only.swift in Sources */,
				CAD503732544A11E00E56B6E /* EmojiThemeStore.swift in Sources */,
				CAD5B76524D5C6B1007B0224 /* Optional+IsDefined.swift in Sources */,
				CAFD5E1F24D9F6D60092A5A7 /* Pie.swift in Sources */,
				CA2FCAED24B50CA3002B0403 /* EmojiGame.swift in Sources */,
				45383AFB254767E100BC34E5 /* EmojiThemeEditor.swift in Sources */,
				CAD5036E254497C900E56B6E /* EmojiThemeChooser.swift in Sources */,
				CAFD5E2724D9FD5E0092A5A7 /* Cardify.swift in Sources */,
				CAFD5E2124D9FCAD0092A5A7 /* View+Cardify.swift in Sources */,
				45B0E85C25461496004ED0EC /* ThemeColor.swift in Sources */,
				CA2FCAEB24B50C4C002B0403 /* GameModel.swift in Sources */,
				45B0E8562546121C004ED0EC /* EditableText.swift in Sources */,
				CA414D87253E382A00B54171 /* Data+utf8.swift in Sources */,
				CA650A0524C0EFE3002FFBF7 /* Array+Identifiable.swift in Sources */,
				CAD2EBEB24BFADFE002A1747 /* GridLayout.swift in Sources */,
				CAD2EBE924BFAACF002A1747 /* Grid.swift in Sources */,
			);
			runOnlyForDeploymentPostprocessing = 0;
		};
/* End PBXSourcesBuildPhase section */

/* Begin PBXVariantGroup section */
		CA2FCAE124B50BF8002B0403 /* LaunchScreen.storyboard */ = {
			isa = PBXVariantGroup;
			children = (
				CA2FCAE224B50BF8002B0403 /* Base */,
			);
			name = LaunchScreen.storyboard;
			sourceTree = "<group>";
		};
/* End PBXVariantGroup section */

/* Begin XCBuildConfiguration section */
		CA2FCAE524B50BF8002B0403 /* Debug */ = {
			isa = XCBuildConfiguration;
			buildSettings = {
				ALWAYS_SEARCH_USER_PATHS = NO;
				CLANG_ANALYZER_NONNULL = YES;
				CLANG_ANALYZER_NUMBER_OBJECT_CONVERSION = YES_AGGRESSIVE;
				CLANG_CXX_LANGUAGE_STANDARD = "gnu++14";
				CLANG_CXX_LIBRARY = "libc++";
				CLANG_ENABLE_MODULES = YES;
				CLANG_ENABLE_OBJC_ARC = YES;
				CLANG_ENABLE_OBJC_WEAK = YES;
				CLANG_WARN_BLOCK_CAPTURE_AUTORELEASING = YES;
				CLANG_WARN_BOOL_CONVERSION = YES;
				CLANG_WARN_COMMA = YES;
				CLANG_WARN_CONSTANT_CONVERSION = YES;
				CLANG_WARN_DEPRECATED_OBJC_IMPLEMENTATIONS = YES;
				CLANG_WARN_DIRECT_OBJC_ISA_USAGE = YES_ERROR;
				CLANG_WARN_DOCUMENTATION_COMMENTS = YES;
				CLANG_WARN_EMPTY_BODY = YES;
				CLANG_WARN_ENUM_CONVERSION = YES;
				CLANG_WARN_INFINITE_RECURSION = YES;
				CLANG_WARN_INT_CONVERSION = YES;
				CLANG_WARN_NON_LITERAL_NULL_CONVERSION = YES;
				CLANG_WARN_OBJC_IMPLICIT_RETAIN_SELF = YES;
				CLANG_WARN_OBJC_LITERAL_CONVERSION = YES;
				CLANG_WARN_OBJC_ROOT_CLASS = YES_ERROR;
				CLANG_WARN_QUOTED_INCLUDE_IN_FRAMEWORK_HEADER = YES;
				CLANG_WARN_RANGE_LOOP_ANALYSIS = YES;
				CLANG_WARN_STRICT_PROTOTYPES = YES;
				CLANG_WARN_SUSPICIOUS_MOVE = YES;
				CLANG_WARN_UNGUARDED_AVAILABILITY = YES_AGGRESSIVE;
				CLANG_WARN_UNREACHABLE_CODE = YES;
				CLANG_WARN__DUPLICATE_METHOD_MATCH = YES;
				COPY_PHASE_STRIP = NO;
				DEBUG_INFORMATION_FORMAT = dwarf;
				ENABLE_STRICT_OBJC_MSGSEND = YES;
				ENABLE_TESTABILITY = YES;
				GCC_C_LANGUAGE_STANDARD = gnu11;
				GCC_DYNAMIC_NO_PIC = NO;
				GCC_NO_COMMON_BLOCKS = YES;
				GCC_OPTIMIZATION_LEVEL = 0;
				GCC_PREPROCESSOR_DEFINITIONS = (
					"DEBUG=1",
					"$(inherited)",
				);
				GCC_WARN_64_TO_32_BIT_CONVERSION = YES;
				GCC_WARN_ABOUT_RETURN_TYPE = YES_ERROR;
				GCC_WARN_UNDECLARED_SELECTOR = YES;
				GCC_WARN_UNINITIALIZED_AUTOS = YES_AGGRESSIVE;
				GCC_WARN_UNUSED_FUNCTION = YES;
				GCC_WARN_UNUSED_VARIABLE = YES;
				IPHONEOS_DEPLOYMENT_TARGET = 14.0;
				MTL_ENABLE_DEBUG_INFO = INCLUDE_SOURCE;
				MTL_FAST_MATH = YES;
				ONLY_ACTIVE_ARCH = YES;
				SDKROOT = iphoneos;
				SWIFT_ACTIVE_COMPILATION_CONDITIONS = DEBUG;
				SWIFT_OPTIMIZATION_LEVEL = "-Onone";
			};
			name = Debug;
		};
		CA2FCAE624B50BF8002B0403 /* Release */ = {
			isa = XCBuildConfiguration;
			buildSettings = {
				ALWAYS_SEARCH_USER_PATHS = NO;
				CLANG_ANALYZER_NONNULL = YES;
				CLANG_ANALYZER_NUMBER_OBJECT_CONVERSION = YES_AGGRESSIVE;
				CLANG_CXX_LANGUAGE_STANDARD = "gnu++14";
				CLANG_CXX_LIBRARY = "libc++";
				CLANG_ENABLE_MODULES = YES;
				CLANG_ENABLE_OBJC_ARC = YES;
				CLANG_ENABLE_OBJC_WEAK = YES;
				CLANG_WARN_BLOCK_CAPTURE_AUTORELEASING = YES;
				CLANG_WARN_BOOL_CONVERSION = YES;
				CLANG_WARN_COMMA = YES;
				CLANG_WARN_CONSTANT_CONVERSION = YES;
				CLANG_WARN_DEPRECATED_OBJC_IMPLEMENTATIONS = YES;
				CLANG_WARN_DIRECT_OBJC_ISA_USAGE = YES_ERROR;
				CLANG_WARN_DOCUMENTATION_COMMENTS = YES;
				CLANG_WARN_EMPTY_BODY = YES;
				CLANG_WARN_ENUM_CONVERSION = YES;
				CLANG_WARN_INFINITE_RECURSION = YES;
				CLANG_WARN_INT_CONVERSION = YES;
				CLANG_WARN_NON_LITERAL_NULL_CONVERSION = YES;
				CLANG_WARN_OBJC_IMPLICIT_RETAIN_SELF = YES;
				CLANG_WARN_OBJC_LITERAL_CONVERSION = YES;
				CLANG_WARN_OBJC_ROOT_CLASS = YES_ERROR;
				CLANG_WARN_QUOTED_INCLUDE_IN_FRAMEWORK_HEADER = YES;
				CLANG_WARN_RANGE_LOOP_ANALYSIS = YES;
				CLANG_WARN_STRICT_PROTOTYPES = YES;
				CLANG_WARN_SUSPICIOUS_MOVE = YES;
				CLANG_WARN_UNGUARDED_AVAILABILITY = YES_AGGRESSIVE;
				CLANG_WARN_UNREACHABLE_CODE = YES;
				CLANG_WARN__DUPLICATE_METHOD_MATCH = YES;
				COPY_PHASE_STRIP = NO;
				DEBUG_INFORMATION_FORMAT = "dwarf-with-dsym";
				ENABLE_NS_ASSERTIONS = NO;
				ENABLE_STRICT_OBJC_MSGSEND = YES;
				GCC_C_LANGUAGE_STANDARD = gnu11;
				GCC_NO_COMMON_BLOCKS = YES;
				GCC_WARN_64_TO_32_BIT_CONVERSION = YES;
				GCC_WARN_ABOUT_RETURN_TYPE = YES_ERROR;
				GCC_WARN_UNDECLARED_SELECTOR = YES;
				GCC_WARN_UNINITIALIZED_AUTOS = YES_AGGRESSIVE;
				GCC_WARN_UNUSED_FUNCTION = YES;
				GCC_WARN_UNUSED_VARIABLE = YES;
				IPHONEOS_DEPLOYMENT_TARGET = 14.0;
				MTL_ENABLE_DEBUG_INFO = NO;
				MTL_FAST_MATH = YES;
				SDKROOT = iphoneos;
				SWIFT_COMPILATION_MODE = wholemodule;
				SWIFT_OPTIMIZATION_LEVEL = "-O";
				VALIDATE_PRODUCT = YES;
			};
			name = Release;
		};
		CA2FCAE824B50BF8002B0403 /* Debug */ = {
			isa = XCBuildConfiguration;
			buildSettings = {
				ASSETCATALOG_COMPILER_APPICON_NAME = AppIcon;
				CODE_SIGN_STYLE = Automatic;
				DEVELOPMENT_ASSET_PATHS = "\"Memorize/Preview Content\"";
				ENABLE_PREVIEWS = YES;
				INFOPLIST_FILE = Memorize/Info.plist;
				IPHONEOS_DEPLOYMENT_TARGET = 14.0;
				LD_RUNPATH_SEARCH_PATHS = (
					"$(inherited)",
					"@executable_path/Frameworks",
				);
				PRODUCT_BUNDLE_IDENTIFIER = com.theswiftkid.Memorize;
				PRODUCT_NAME = "$(TARGET_NAME)";
				SWIFT_VERSION = 5.0;
				TARGETED_DEVICE_FAMILY = "1,2";
			};
			name = Debug;
		};
		CA2FCAE924B50BF8002B0403 /* Release */ = {
			isa = XCBuildConfiguration;
			buildSettings = {
				ASSETCATALOG_COMPILER_APPICON_NAME = AppIcon;
				CODE_SIGN_STYLE = Automatic;
				DEVELOPMENT_ASSET_PATHS = "\"Memorize/Preview Content\"";
				ENABLE_PREVIEWS = YES;
				INFOPLIST_FILE = Memorize/Info.plist;
				IPHONEOS_DEPLOYMENT_TARGET = 14.0;
				LD_RUNPATH_SEARCH_PATHS = (
					"$(inherited)",
					"@executable_path/Frameworks",
				);
				PRODUCT_BUNDLE_IDENTIFIER = com.theswiftkid.Memorize;
				PRODUCT_NAME = "$(TARGET_NAME)";
				SWIFT_VERSION = 5.0;
				TARGETED_DEVICE_FAMILY = "1,2";
			};
			name = Release;
		};
/* End XCBuildConfiguration section */

/* Begin XCConfigurationList section */
		CA2FCACE24B50BF7002B0403 /* Build configuration list for PBXProject "Memorize" */ = {
			isa = XCConfigurationList;
			buildConfigurations = (
				CA2FCAE524B50BF8002B0403 /* Debug */,
				CA2FCAE624B50BF8002B0403 /* Release */,
			);
			defaultConfigurationIsVisible = 0;
			defaultConfigurationName = Release;
		};
		CA2FCAE724B50BF8002B0403 /* Build configuration list for PBXNativeTarget "Memorize" */ = {
			isa = XCConfigurationList;
			buildConfigurations = (
				CA2FCAE824B50BF8002B0403 /* Debug */,
				CA2FCAE924B50BF8002B0403 /* Release */,
			);
			defaultConfigurationIsVisible = 0;
			defaultConfigurationName = Release;
		};
/* End XCConfigurationList section */
	};
	rootObject = CA2FCACB24B50BF7002B0403 /* Project object */;
}
